
Microsoft Visual Studio Solution File, Format Version 12.00
# Visual Studio Version 17
Project("{8BC9CEB8-8B4A-11D0-8D11-00A0C91BC942}") = "ALL_BUILD", "ALL_BUILD.vcxproj", "{D8AC23D0-5A50-3ACF-8104-11F374BD77F6}"
	ProjectSection(ProjectDependencies) = postProject
		{07454F21-F148-35E9-959E-F7BDE6422BB9} = {07454F21-F148-35E9-959E-F7BDE6422BB9}
		{20492C11-4125-3340-AC68-6D912E0E19F3} = {20492C11-4125-3340-AC68-6D912E0E19F3}
	EndProjectSection
EndProject
Project("{8BC9CEB8-8B4A-11D0-8D11-00A0C91BC942}") = "ZERO_CHECK", "ZERO_CHECK.vcxproj", "{07454F21-F148-35E9-959E-F7BDE6422BB9}"
	ProjectSection(ProjectDependencies) = postProject
	EndProjectSection
EndProject
Project("{8BC9CEB8-8B4A-11D0-8D11-00A0C91BC942}") = "stateflow_FMU_test_mod_stdfmi", "stateflow_FMU_test_mod_stdfmi.vcxproj", "{20492C11-4125-3340-AC68-6D912E0E19F3}"
	ProjectSection(ProjectDependencies) = postProject
		{07454F21-F148-35E9-959E-F7BDE6422BB9} = {07454F21-F148-35E9-959E-F7BDE6422BB9}
	EndProjectSection
EndProject
Global
	GlobalSection(SolutionConfigurationPlatforms) = preSolution
		Debug|x64 = Debug|x64
		Release|x64 = Release|x64
	EndGlobalSection
	GlobalSection(ProjectConfigurationPlatforms) = postSolution
		{D8AC23D0-5A50-3ACF-8104-11F374BD77F6}.Debug|x64.ActiveCfg = Debug|x64
		{D8AC23D0-5A50-3ACF-8104-11F374BD77F6}.Release|x64.ActiveCfg = Release|x64
		{07454F21-F148-35E9-959E-F7BDE6422BB9}.Debug|x64.ActiveCfg = Debug|x64
		{07454F21-F148-35E9-959E-F7BDE6422BB9}.Debug|x64.Build.0 = Debug|x64
		{07454F21-F148-35E9-959E-F7BDE6422BB9}.Release|x64.ActiveCfg = Release|x64
		{07454F21-F148-35E9-959E-F7BDE6422BB9}.Release|x64.Build.0 = Release|x64
		{20492C11-4125-3340-AC68-6D912E0E19F3}.Debug|x64.ActiveCfg = Debug|x64
		{20492C11-4125-3340-AC68-6D912E0E19F3}.Debug|x64.Build.0 = Debug|x64
		{20492C11-4125-3340-AC68-6D912E0E19F3}.Release|x64.ActiveCfg = Release|x64
		{20492C11-4125-3340-AC68-6D912E0E19F3}.Release|x64.Build.0 = Release|x64
	EndGlobalSection
	GlobalSection(ExtensibilityGlobals) = postSolution
		SolutionGuid = {F5C64A1E-2A52-344F-9348-BFA621338DC1}
	EndGlobalSection
	GlobalSection(ExtensibilityAddIns) = postSolution
	EndGlobalSection
EndGlobal
