
Microsoft Visual Studio Solution File, Format Version 12.00
# Visual Studio Version 17
Project("{8BC9CEB8-8B4A-11D0-8D11-00A0C91BC942}") = "ALL_BUILD", "ALL_BUILD.vcxproj", "{496DA7E2-C0FF-324C-AD44-47CCADCD662F}"
	ProjectSection(ProjectDependencies) = postProject
		{0BBE989C-67BB-3AFC-AFC5-BDACB9EC09DF} = {0BBE989C-67BB-3AFC-AFC5-BDACB9EC09DF}
		{175A4F06-C32B-32B7-832E-921F59EF19BC} = {175A4F06-C32B-32B7-832E-921F59EF19BC}
		{8BA4BEF6-3402-3677-B199-BF571CB006D2} = {8BA4BEF6-3402-3677-B199-BF571CB006D2}
	EndProjectSection
EndProject
Project("{8BC9CEB8-8B4A-11D0-8D11-00A0C91BC942}") = "ZERO_CHECK", "ZERO_CHECK.vcxproj", "{0BBE989C-67BB-3AFC-AFC5-BDACB9EC09DF}"
	ProjectSection(ProjectDependencies) = postProject
	EndProjectSection
EndProject
Project("{8BC9CEB8-8B4A-11D0-8D11-00A0C91BC942}") = "maxCalculatorTest_cosim", "maxCalculatorTest_cosim.vcxproj", "{175A4F06-C32B-32B7-832E-921F59EF19BC}"
	ProjectSection(ProjectDependencies) = postProject
		{0BBE989C-67BB-3AFC-AFC5-BDACB9EC09DF} = {0BBE989C-67BB-3AFC-AFC5-BDACB9EC09DF}
		{8BA4BEF6-3402-3677-B199-BF571CB006D2} = {8BA4BEF6-3402-3677-B199-BF571CB006D2}
	EndProjectSection
EndProject
Project("{8BC9CEB8-8B4A-11D0-8D11-00A0C91BC942}") = "ode1", "ode1.vcxproj", "{8BA4BEF6-3402-3677-B199-BF571CB006D2}"
	ProjectSection(ProjectDependencies) = postProject
		{0BBE989C-67BB-3AFC-AFC5-BDACB9EC09DF} = {0BBE989C-67BB-3AFC-AFC5-BDACB9EC09DF}
	EndProjectSection
EndProject
Global
	GlobalSection(SolutionConfigurationPlatforms) = preSolution
		Debug|x64 = Debug|x64
		Release|x64 = Release|x64
		MinSizeRel|x64 = MinSizeRel|x64
		RelWithDebInfo|x64 = RelWithDebInfo|x64
	EndGlobalSection
	GlobalSection(ProjectConfigurationPlatforms) = postSolution
		{496DA7E2-C0FF-324C-AD44-47CCADCD662F}.Debug|x64.ActiveCfg = Debug|x64
		{496DA7E2-C0FF-324C-AD44-47CCADCD662F}.Release|x64.ActiveCfg = Release|x64
		{496DA7E2-C0FF-324C-AD44-47CCADCD662F}.MinSizeRel|x64.ActiveCfg = MinSizeRel|x64
		{496DA7E2-C0FF-324C-AD44-47CCADCD662F}.RelWithDebInfo|x64.ActiveCfg = RelWithDebInfo|x64
		{0BBE989C-67BB-3AFC-AFC5-BDACB9EC09DF}.Debug|x64.ActiveCfg = Debug|x64
		{0BBE989C-67BB-3AFC-AFC5-BDACB9EC09DF}.Debug|x64.Build.0 = Debug|x64
		{0BBE989C-67BB-3AFC-AFC5-BDACB9EC09DF}.Release|x64.ActiveCfg = Release|x64
		{0BBE989C-67BB-3AFC-AFC5-BDACB9EC09DF}.Release|x64.Build.0 = Release|x64
		{0BBE989C-67BB-3AFC-AFC5-BDACB9EC09DF}.MinSizeRel|x64.ActiveCfg = MinSizeRel|x64
		{0BBE989C-67BB-3AFC-AFC5-BDACB9EC09DF}.MinSizeRel|x64.Build.0 = MinSizeRel|x64
		{0BBE989C-67BB-3AFC-AFC5-BDACB9EC09DF}.RelWithDebInfo|x64.ActiveCfg = RelWithDebInfo|x64
		{0BBE989C-67BB-3AFC-AFC5-BDACB9EC09DF}.RelWithDebInfo|x64.Build.0 = RelWithDebInfo|x64
		{175A4F06-C32B-32B7-832E-921F59EF19BC}.Debug|x64.ActiveCfg = Debug|x64
		{175A4F06-C32B-32B7-832E-921F59EF19BC}.Debug|x64.Build.0 = Debug|x64
		{175A4F06-C32B-32B7-832E-921F59EF19BC}.Release|x64.ActiveCfg = Release|x64
		{175A4F06-C32B-32B7-832E-921F59EF19BC}.Release|x64.Build.0 = Release|x64
		{175A4F06-C32B-32B7-832E-921F59EF19BC}.MinSizeRel|x64.ActiveCfg = MinSizeRel|x64
		{175A4F06-C32B-32B7-832E-921F59EF19BC}.MinSizeRel|x64.Build.0 = MinSizeRel|x64
		{175A4F06-C32B-32B7-832E-921F59EF19BC}.RelWithDebInfo|x64.ActiveCfg = RelWithDebInfo|x64
		{175A4F06-C32B-32B7-832E-921F59EF19BC}.RelWithDebInfo|x64.Build.0 = RelWithDebInfo|x64
		{8BA4BEF6-3402-3677-B199-BF571CB006D2}.Debug|x64.ActiveCfg = Debug|x64
		{8BA4BEF6-3402-3677-B199-BF571CB006D2}.Debug|x64.Build.0 = Debug|x64
		{8BA4BEF6-3402-3677-B199-BF571CB006D2}.Release|x64.ActiveCfg = Release|x64
		{8BA4BEF6-3402-3677-B199-BF571CB006D2}.Release|x64.Build.0 = Release|x64
		{8BA4BEF6-3402-3677-B199-BF571CB006D2}.MinSizeRel|x64.ActiveCfg = MinSizeRel|x64
		{8BA4BEF6-3402-3677-B199-BF571CB006D2}.MinSizeRel|x64.Build.0 = MinSizeRel|x64
		{8BA4BEF6-3402-3677-B199-BF571CB006D2}.RelWithDebInfo|x64.ActiveCfg = RelWithDebInfo|x64
		{8BA4BEF6-3402-3677-B199-BF571CB006D2}.RelWithDebInfo|x64.Build.0 = RelWithDebInfo|x64
	EndGlobalSection
	GlobalSection(ExtensibilityGlobals) = postSolution
		SolutionGuid = {3F97C851-D843-335F-882C-C33312032E12}
	EndGlobalSection
	GlobalSection(ExtensibilityAddIns) = postSolution
	EndGlobalSection
EndGlobal
