<?xml version="1.0" encoding="utf-8"?>
<Project ToolsVersion="17.0" xmlns="http://schemas.microsoft.com/developer/msbuild/2003">
  <ItemGroup>
    <ClCompile Include="D:\Program Files\Matlab\rtw\c\src\ode1.c">
      <Filter>Source Files</Filter>
    </ClCompile>
  </ItemGroup>
  <ItemGroup>
    <CustomBuild Include="D:\Program Files\Matlab\rtw\c\FMIKit-Simulink-3.0\rtwsfcnfmi\CMakeLists.txt" />
  </ItemGroup>
  <ItemGroup>
    <Filter Include="Source Files">
      <UniqueIdentifier>{111FF836-150B-3A30-9630-2ACEE75F8A6A}</UniqueIdentifier>
    </Filter>
  </ItemGroup>
</Project>
