
Microsoft Visual Studio Solution File, Format Version 12.00
# Visual Studio Version 17
Project("{8BC9CEB8-8B4A-11D0-8D11-00A0C91BC942}") = "ALL_BUILD", "ALL_BUILD.vcxproj", "{6F854208-439A-335F-9D80-E5D9E99C85D8}"
	ProjectSection(ProjectDependencies) = postProject
		{6D7E4099-3DAF-3260-8CD8-DF0CADFFEBE1} = {6D7E4099-3DAF-3260-8CD8-DF0CADFFEBE1}
		{D6EE2A65-B6DA-3ACF-B1FB-7CFAAE260FE8} = {D6EE2A65-B6DA-3ACF-B1FB-7CFAAE260FE8}
	EndProjectSection
EndProject
Project("{8BC9CEB8-8B4A-11D0-8D11-00A0C91BC942}") = "ZERO_CHECK", "ZERO_CHECK.vcxproj", "{6D7E4099-3DAF-3260-8CD8-DF0CADFFEBE1}"
	ProjectSection(ProjectDependencies) = postProject
	EndProjectSection
EndProject
Project("{8BC9CEB8-8B4A-11D0-8D11-00A0C91BC942}") = "stateflow_FMU_test", "stateflow_FMU_test.vcxproj", "{D6EE2A65-B6DA-3ACF-B1FB-7CFAAE260FE8}"
	ProjectSection(ProjectDependencies) = postProject
		{6D7E4099-3DAF-3260-8CD8-DF0CADFFEBE1} = {6D7E4099-3DAF-3260-8CD8-DF0CADFFEBE1}
	EndProjectSection
EndProject
Global
	GlobalSection(SolutionConfigurationPlatforms) = preSolution
		Debug|x64 = Debug|x64
		Release|x64 = Release|x64
	EndGlobalSection
	GlobalSection(ProjectConfigurationPlatforms) = postSolution
		{6F854208-439A-335F-9D80-E5D9E99C85D8}.Debug|x64.ActiveCfg = Debug|x64
		{6F854208-439A-335F-9D80-E5D9E99C85D8}.Release|x64.ActiveCfg = Release|x64
		{6D7E4099-3DAF-3260-8CD8-DF0CADFFEBE1}.Debug|x64.ActiveCfg = Debug|x64
		{6D7E4099-3DAF-3260-8CD8-DF0CADFFEBE1}.Debug|x64.Build.0 = Debug|x64
		{6D7E4099-3DAF-3260-8CD8-DF0CADFFEBE1}.Release|x64.ActiveCfg = Release|x64
		{6D7E4099-3DAF-3260-8CD8-DF0CADFFEBE1}.Release|x64.Build.0 = Release|x64
		{D6EE2A65-B6DA-3ACF-B1FB-7CFAAE260FE8}.Debug|x64.ActiveCfg = Debug|x64
		{D6EE2A65-B6DA-3ACF-B1FB-7CFAAE260FE8}.Debug|x64.Build.0 = Debug|x64
		{D6EE2A65-B6DA-3ACF-B1FB-7CFAAE260FE8}.Release|x64.ActiveCfg = Release|x64
		{D6EE2A65-B6DA-3ACF-B1FB-7CFAAE260FE8}.Release|x64.Build.0 = Release|x64
	EndGlobalSection
	GlobalSection(ExtensibilityGlobals) = postSolution
		SolutionGuid = {C7FA9537-921D-3660-9366-38A90529961D}
	EndGlobalSection
	GlobalSection(ExtensibilityAddIns) = postSolution
	EndGlobalSection
EndGlobal
