
Microsoft Visual Studio Solution File, Format Version 12.00
# Visual Studio Version 17
Project("{8BC9CEB8-8B4A-11D0-8D11-00A0C91BC942}") = "ALL_BUILD", "ALL_BUILD.vcxproj", "{235C26E1-BA24-3480-B559-2A54FD665344}"
	ProjectSection(ProjectDependencies) = postProject
		{33A09BD0-F955-39D3-9BF0-6CC4E846B530} = {33A09BD0-F955-39D3-9BF0-6CC4E846B530}
		{14D55C5E-C183-3D6C-9B24-7E5971D9BE6F} = {14D55C5E-C183-3D6C-9B24-7E5971D9BE6F}
		{89EC3792-FA71-30C2-98C9-51B853984684} = {89EC3792-FA71-30C2-98C9-51B853984684}
	EndProjectSection
EndProject
Project("{8BC9CEB8-8B4A-11D0-8D11-00A0C91BC942}") = "ZERO_CHECK", "ZERO_CHECK.vcxproj", "{33A09BD0-F955-39D3-9BF0-6CC4E846B530}"
	ProjectSection(ProjectDependencies) = postProject
	EndProjectSection
EndProject
Project("{8BC9CEB8-8B4A-11D0-8D11-00A0C91BC942}") = "ode1", "ode1.vcxproj", "{14D55C5E-C183-3D6C-9B24-7E5971D9BE6F}"
	ProjectSection(ProjectDependencies) = postProject
		{33A09BD0-F955-39D3-9BF0-6CC4E846B530} = {33A09BD0-F955-39D3-9BF0-6CC4E846B530}
	EndProjectSection
EndProject
Project("{8BC9CEB8-8B4A-11D0-8D11-00A0C91BC942}") = "stateflow_FMU_test_cosim", "stateflow_FMU_test_cosim.vcxproj", "{89EC3792-FA71-30C2-98C9-51B853984684}"
	ProjectSection(ProjectDependencies) = postProject
		{33A09BD0-F955-39D3-9BF0-6CC4E846B530} = {33A09BD0-F955-39D3-9BF0-6CC4E846B530}
		{14D55C5E-C183-3D6C-9B24-7E5971D9BE6F} = {14D55C5E-C183-3D6C-9B24-7E5971D9BE6F}
	EndProjectSection
EndProject
Global
	GlobalSection(SolutionConfigurationPlatforms) = preSolution
		Debug|x64 = Debug|x64
		Release|x64 = Release|x64
		MinSizeRel|x64 = MinSizeRel|x64
		RelWithDebInfo|x64 = RelWithDebInfo|x64
	EndGlobalSection
	GlobalSection(ProjectConfigurationPlatforms) = postSolution
		{235C26E1-BA24-3480-B559-2A54FD665344}.Debug|x64.ActiveCfg = Debug|x64
		{235C26E1-BA24-3480-B559-2A54FD665344}.Release|x64.ActiveCfg = Release|x64
		{235C26E1-BA24-3480-B559-2A54FD665344}.MinSizeRel|x64.ActiveCfg = MinSizeRel|x64
		{235C26E1-BA24-3480-B559-2A54FD665344}.RelWithDebInfo|x64.ActiveCfg = RelWithDebInfo|x64
		{33A09BD0-F955-39D3-9BF0-6CC4E846B530}.Debug|x64.ActiveCfg = Debug|x64
		{33A09BD0-F955-39D3-9BF0-6CC4E846B530}.Debug|x64.Build.0 = Debug|x64
		{33A09BD0-F955-39D3-9BF0-6CC4E846B530}.Release|x64.ActiveCfg = Release|x64
		{33A09BD0-F955-39D3-9BF0-6CC4E846B530}.Release|x64.Build.0 = Release|x64
		{33A09BD0-F955-39D3-9BF0-6CC4E846B530}.MinSizeRel|x64.ActiveCfg = MinSizeRel|x64
		{33A09BD0-F955-39D3-9BF0-6CC4E846B530}.MinSizeRel|x64.Build.0 = MinSizeRel|x64
		{33A09BD0-F955-39D3-9BF0-6CC4E846B530}.RelWithDebInfo|x64.ActiveCfg = RelWithDebInfo|x64
		{33A09BD0-F955-39D3-9BF0-6CC4E846B530}.RelWithDebInfo|x64.Build.0 = RelWithDebInfo|x64
		{14D55C5E-C183-3D6C-9B24-7E5971D9BE6F}.Debug|x64.ActiveCfg = Debug|x64
		{14D55C5E-C183-3D6C-9B24-7E5971D9BE6F}.Debug|x64.Build.0 = Debug|x64
		{14D55C5E-C183-3D6C-9B24-7E5971D9BE6F}.Release|x64.ActiveCfg = Release|x64
		{14D55C5E-C183-3D6C-9B24-7E5971D9BE6F}.Release|x64.Build.0 = Release|x64
		{14D55C5E-C183-3D6C-9B24-7E5971D9BE6F}.MinSizeRel|x64.ActiveCfg = MinSizeRel|x64
		{14D55C5E-C183-3D6C-9B24-7E5971D9BE6F}.MinSizeRel|x64.Build.0 = MinSizeRel|x64
		{14D55C5E-C183-3D6C-9B24-7E5971D9BE6F}.RelWithDebInfo|x64.ActiveCfg = RelWithDebInfo|x64
		{14D55C5E-C183-3D6C-9B24-7E5971D9BE6F}.RelWithDebInfo|x64.Build.0 = RelWithDebInfo|x64
		{89EC3792-FA71-30C2-98C9-51B853984684}.Debug|x64.ActiveCfg = Debug|x64
		{89EC3792-FA71-30C2-98C9-51B853984684}.Debug|x64.Build.0 = Debug|x64
		{89EC3792-FA71-30C2-98C9-51B853984684}.Release|x64.ActiveCfg = Release|x64
		{89EC3792-FA71-30C2-98C9-51B853984684}.Release|x64.Build.0 = Release|x64
		{89EC3792-FA71-30C2-98C9-51B853984684}.MinSizeRel|x64.ActiveCfg = MinSizeRel|x64
		{89EC3792-FA71-30C2-98C9-51B853984684}.MinSizeRel|x64.Build.0 = MinSizeRel|x64
		{89EC3792-FA71-30C2-98C9-51B853984684}.RelWithDebInfo|x64.ActiveCfg = RelWithDebInfo|x64
		{89EC3792-FA71-30C2-98C9-51B853984684}.RelWithDebInfo|x64.Build.0 = RelWithDebInfo|x64
	EndGlobalSection
	GlobalSection(ExtensibilityGlobals) = postSolution
		SolutionGuid = {09564CEE-4008-381A-8BD9-37FD49B01A05}
	EndGlobalSection
	GlobalSection(ExtensibilityAddIns) = postSolution
	EndGlobalSection
EndGlobal
