<?xml version="1.0" encoding="utf-8"?>
<Project ToolsVersion="17.0" xmlns="http://schemas.microsoft.com/developer/msbuild/2003">
  <ItemGroup>
    <CustomBuild Include="F:\GitHubRepos\stateflow_FMU_test\stateflow_FMU_test_cosim_sfcn_rtw_fmi\CMakeFiles\1c2d6b0173e0418ed5dabd22468e4c32\generate.stamp.rule">
      <Filter>CMake Rules</Filter>
    </CustomBuild>
  </ItemGroup>
  <ItemGroup>
    <Filter Include="CMake Rules">
      <UniqueIdentifier>{3539A25E-87E2-32A1-BF26-5FC92880D2E1}</UniqueIdentifier>
    </Filter>
  </ItemGroup>
</Project>
