<?xml version="1.0" encoding="utf-8"?>
<Project ToolsVersion="17.0" xmlns="http://schemas.microsoft.com/developer/msbuild/2003">
  <ItemGroup>
    <CustomBuild Include="F:\GitHubRepos\stateflow_FMU_test\maxCalculatorTest_grtfmi_v0_grt_fmi_rtw\CMakeFiles\264ec714a87977d9f9ea293b63aa4ed9\generate.stamp.rule">
      <Filter>CMake Rules</Filter>
    </CustomBuild>
  </ItemGroup>
  <ItemGroup>
    <Filter Include="CMake Rules">
      <UniqueIdentifier>{00217AC6-8A1C-38C1-A29F-6F742C74DCAD}</UniqueIdentifier>
    </Filter>
  </ItemGroup>
</Project>
