<?xml version="1.0" encoding="utf-8"?>
<Project ToolsVersion="17.0" xmlns="http://schemas.microsoft.com/developer/msbuild/2003">
  <ItemGroup>
    <ClCompile Include="D:\Program Files\Matlab\rtw\c\FMIKit-Simulink-3.0\rtwsfcnfmi\fmi2Functions.c">
      <Filter>Source Files</Filter>
    </ClCompile>
    <ClCompile Include="D:\Program Files\Matlab\rtw\c\FMIKit-Simulink-3.0\rtwsfcnfmi\sfunction.c">
      <Filter>Source Files</Filter>
    </ClCompile>
    <ClCompile Include="F:\GitHubRepos\stateflow_FMU_test\stateflow_FMU_test_mod_xchng_sfcn_rtw_fmi\model_interface.c">
      <Filter>Source Files</Filter>
    </ClCompile>
    <ClCompile Include="F:\GitHubRepos\stateflow_FMU_test\stateflow_FMU_test_mod_xchng_sfcn_rtw_fmi\rtGetInf.c">
      <Filter>Source Files</Filter>
    </ClCompile>
    <ClCompile Include="F:\GitHubRepos\stateflow_FMU_test\stateflow_FMU_test_mod_xchng_sfcn_rtw_fmi\rtGetNaN.c">
      <Filter>Source Files</Filter>
    </ClCompile>
    <ClCompile Include="F:\GitHubRepos\stateflow_FMU_test\stateflow_FMU_test_mod_xchng_sfcn_rtw_fmi\sfcn_fmi.c">
      <Filter>Source Files</Filter>
    </ClCompile>
  </ItemGroup>
  <ItemGroup>
    <ClInclude Include="D:\Program Files\Matlab\rtw\c\FMIKit-Simulink-3.0\include\fmi2Functions.h">
      <Filter>Header Files</Filter>
    </ClInclude>
    <ClInclude Include="D:\Program Files\Matlab\rtw\c\FMIKit-Simulink-3.0\include\fmi2FunctionTypes.h">
      <Filter>Header Files</Filter>
    </ClInclude>
    <ClInclude Include="D:\Program Files\Matlab\rtw\c\FMIKit-Simulink-3.0\include\fmi2TypesPlatform.h">
      <Filter>Header Files</Filter>
    </ClInclude>
    <ClInclude Include="D:\Program Files\Matlab\rtw\c\FMIKit-Simulink-3.0\rtwsfcnfmi\sfunction.h">
      <Filter>Header Files</Filter>
    </ClInclude>
    <ClInclude Include="F:\GitHubRepos\stateflow_FMU_test\stateflow_FMU_test_mod_xchng_sfcn_rtw_fmi\sfcn_fmi.h">
      <Filter>Header Files</Filter>
    </ClInclude>
  </ItemGroup>
  <ItemGroup>
    <CustomBuild Include="D:\Program Files\Matlab\rtw\c\FMIKit-Simulink-3.0\rtwsfcnfmi\CMakeLists.txt" />
  </ItemGroup>
  <ItemGroup>
    <XML Include="F:\GitHubRepos\stateflow_FMU_test\stateflow_FMU_test_mod_xchng_sfcn_rtw_fmi\modelDescription.xml" />
  </ItemGroup>
  <ItemGroup>
    <Filter Include="Header Files">
      <UniqueIdentifier>{8C30D4EE-CCFD-3EA3-AD9B-E04020349798}</UniqueIdentifier>
    </Filter>
    <Filter Include="Source Files">
      <UniqueIdentifier>{8BCF1EB3-D8EE-3A30-A37D-95D23E7CE350}</UniqueIdentifier>
    </Filter>
  </ItemGroup>
</Project>
