<?xml version="1.0" encoding="utf-8"?>
<Project ToolsVersion="17.0" xmlns="http://schemas.microsoft.com/developer/msbuild/2003">
  <ItemGroup>
    <CustomBuild Include="F:\GitHubRepos\stateflow_FMU_test\stateflow_FMU_test_mod_xchng_sfcn_rtw_fmi\CMakeFiles\fb5afe418fc3874598f33d268329d8af\generate.stamp.rule">
      <Filter>CMake Rules</Filter>
    </CustomBuild>
  </ItemGroup>
  <ItemGroup>
    <Filter Include="CMake Rules">
      <UniqueIdentifier>{F05D613B-EB9F-3EFA-BF0D-5E540431ABAF}</UniqueIdentifier>
    </Filter>
  </ItemGroup>
</Project>
